
Microsoft Visual Studio Solution File, Format Version 12.00
# Visual Studio Version 17
VisualStudioVersion = 17.1.32210.238
MinimumVisualStudioVersion = 10.0.40219.1
Project("{FAE04EC0-301F-11D3-BF4B-00C04F79EFBC}") = "MyTask", "MyTask\MyTask.csproj", "{86465D71-EAAA-4FC2-8001-F8F3FAB3A113}"
EndProject
Global
	GlobalSection(SolutionConfigurationPlatforms) = preSolution
		Debug|Any CPU = Debug|Any CPU
		Release|Any CPU = Release|Any CPU
	EndGlobalSection
	GlobalSection(ProjectConfigurationPlatforms) = postSolution
		{86465D71-EAAA-4FC2-8001-F8F3FAB3A113}.Debug|Any CPU.ActiveCfg = Debug|Any CPU
		{86465D71-EAAA-4FC2-8001-F8F3FAB3A113}.Debug|Any CPU.Build.0 = Debug|Any CPU
		{86465D71-EAAA-4FC2-8001-F8F3FAB3A113}.Release|Any CPU.ActiveCfg = Release|Any CPU
		{86465D71-EAAA-4FC2-8001-F8F3FAB3A113}.Release|Any CPU.Build.0 = Release|Any CPU
	EndGlobalSection
	GlobalSection(SolutionProperties) = preSolution
		HideSolutionNode = FALSE
	EndGlobalSection
	GlobalSection(ExtensibilityGlobals) = postSolution
		SolutionGuid = {CEDD8D08-4DE7-4033-BFCD-DA1275152ECE}
	EndGlobalSection
EndGlobal
